
Microsoft Visual Studio Solution File, Format Version 12.00
# Visual Studio 15
VisualStudioVersion = 15.0.28307.1209
MinimumVisualStudioVersion = 10.0.40219.1
Project("{FAE04EC0-301F-11D3-BF4B-00C04F79EFBC}") = "DataRegister.Base", "DataRegister.Base\DataRegister.Base.csproj", "{A2357F78-1C4A-4E86-A257-5989829A2238}"
EndProject
Project("{FAE04EC0-301F-11D3-BF4B-00C04F79EFBC}") = "DataRegister.SQL", "DataRegister.SQL\DataRegister.SQL.csproj", "{6291DC77-FEE2-4965-8968-1B07AB479A54}"
EndProject
Project("{FAE04EC0-301F-11D3-BF4B-00C04F79EFBC}") = "DataRegister.WebUI", "DataRegister.WebUI\DataRegister.WebUI.csproj", "{FEC98CFC-6ECF-442C-B6E1-71E70A685A4D}"
EndProject
Global
	GlobalSection(SolutionConfigurationPlatforms) = preSolution
		Debug|Any CPU = Debug|Any CPU
		Release|Any CPU = Release|Any CPU
	EndGlobalSection
	GlobalSection(ProjectConfigurationPlatforms) = postSolution
		{A2357F78-1C4A-4E86-A257-5989829A2238}.Debug|Any CPU.ActiveCfg = Debug|Any CPU
		{A2357F78-1C4A-4E86-A257-5989829A2238}.Debug|Any CPU.Build.0 = Debug|Any CPU
		{A2357F78-1C4A-4E86-A257-5989829A2238}.Release|Any CPU.ActiveCfg = Release|Any CPU
		{A2357F78-1C4A-4E86-A257-5989829A2238}.Release|Any CPU.Build.0 = Release|Any CPU
		{6291DC77-FEE2-4965-8968-1B07AB479A54}.Debug|Any CPU.ActiveCfg = Debug|Any CPU
		{6291DC77-FEE2-4965-8968-1B07AB479A54}.Debug|Any CPU.Build.0 = Debug|Any CPU
		{6291DC77-FEE2-4965-8968-1B07AB479A54}.Release|Any CPU.ActiveCfg = Release|Any CPU
		{6291DC77-FEE2-4965-8968-1B07AB479A54}.Release|Any CPU.Build.0 = Release|Any CPU
		{FEC98CFC-6ECF-442C-B6E1-71E70A685A4D}.Debug|Any CPU.ActiveCfg = Debug|Any CPU
		{FEC98CFC-6ECF-442C-B6E1-71E70A685A4D}.Debug|Any CPU.Build.0 = Debug|Any CPU
		{FEC98CFC-6ECF-442C-B6E1-71E70A685A4D}.Release|Any CPU.ActiveCfg = Release|Any CPU
		{FEC98CFC-6ECF-442C-B6E1-71E70A685A4D}.Release|Any CPU.Build.0 = Release|Any CPU
	EndGlobalSection
	GlobalSection(SolutionProperties) = preSolution
		HideSolutionNode = FALSE
	EndGlobalSection
	GlobalSection(ExtensibilityGlobals) = postSolution
		SolutionGuid = {0134488F-0406-4D94-A332-554248365820}
	EndGlobalSection
EndGlobal
